
Microsoft Visual Studio Solution File, Format Version 11.00
# Visual Studio 2010
Project("{FAE04EC0-301F-11D3-BF4B-00C04F79EFBC}") = "com.bread.demo", "com.bread.demo\com.bread.demo.csproj", "{11F170B6-B930-46C5-8BB8-F8477EBC6268}"
EndProject
Global
	GlobalSection(SolutionConfigurationPlatforms) = preSolution
		Debug|Any CPU = Debug|Any CPU
		Release|Any CPU = Release|Any CPU
	EndGlobalSection
	GlobalSection(ProjectConfigurationPlatforms) = postSolution
		{11F170B6-B930-46C5-8BB8-F8477EBC6268}.Debug|Any CPU.ActiveCfg = Debug|Any CPU
		{11F170B6-B930-46C5-8BB8-F8477EBC6268}.Debug|Any CPU.Build.0 = Debug|Any CPU
		{11F170B6-B930-46C5-8BB8-F8477EBC6268}.Release|Any CPU.ActiveCfg = Release|Any CPU
		{11F170B6-B930-46C5-8BB8-F8477EBC6268}.Release|Any CPU.Build.0 = Release|Any CPU
	EndGlobalSection
	GlobalSection(SolutionProperties) = preSolution
		HideSolutionNode = FALSE
	EndGlobalSection
EndGlobal
